
Microsoft Visual Studio Solution File, Format Version 12.00
Project("{FAE04EC0-301F-11D3-BF4B-00C04F79EFBC}") = "AFKMode", "AFKMode.csproj", "{96DA653A-2BCB-4419-A4ED-B4FFE2557FB6}"
EndProject
Global
	GlobalSection(SolutionConfigurationPlatforms) = preSolution
		Debug|Any CPU = Debug|Any CPU
		Release|Any CPU = Release|Any CPU
	EndGlobalSection
	GlobalSection(ProjectConfigurationPlatforms) = postSolution
		{96DA653A-2BCB-4419-A4ED-B4FFE2557FB6}.Debug|Any CPU.ActiveCfg = Debug|Any CPU
		{96DA653A-2BCB-4419-A4ED-B4FFE2557FB6}.Debug|Any CPU.Build.0 = Debug|Any CPU
		{96DA653A-2BCB-4419-A4ED-B4FFE2557FB6}.Release|Any CPU.ActiveCfg = Release|Any CPU
		{96DA653A-2BCB-4419-A4ED-B4FFE2557FB6}.Release|Any CPU.Build.0 = Release|Any CPU
	EndGlobalSection
EndGlobal
